
Microsoft Visual Studio Solution File, Format Version 12.00
# Visual Studio Version 16
VisualStudioVersion = 16.0.29806.167
MinimumVisualStudioVersion = 10.0.40219.1
Project("{9A19103F-16F7-4668-BE54-9A1E7A4F7556}") = "BragiFont.FNA", "BragiFont.FNA\BragiFont.FNA.csproj", "{F2A21AA1-E180-44F3-8E15-677F5BD484CF}"
EndProject
Project("{9A19103F-16F7-4668-BE54-9A1E7A4F7556}") = "BragiFont.Monogame", "BragiFont.Monogame\BragiFont.Monogame.csproj", "{B1511795-2A2D-4ED3-B0F1-CFF4F516E4B9}"
EndProject
Project("{2150E333-8FDC-42A3-9474-1A3956D46DE8}") = "Solution Items", "Solution Items", "{1036FACE-6A53-42ED-B1C1-0002E9BAA3EF}"
	ProjectSection(SolutionItems) = preProject
		.gitignore = .gitignore
		Example.PNG = Example.PNG
		LICENSE = LICENSE
		README.md = README.md
	EndProjectSection
EndProject
Project("{9A19103F-16F7-4668-BE54-9A1E7A4F7556}") = "BragiFont.Core.OLD", "BragiFont.Core.OLD\BragiFont.Core.OLD.csproj", "{43029D6A-9B5E-48A4-8DD6-03CCDE3D9605}"
EndProject
Project("{9A19103F-16F7-4668-BE54-9A1E7A4F7556}") = "BragiFont.Core", "BragiFont.Core\BragiFont.Core.csproj", "{9CFC824B-35B5-4833-AD68-E65550852C0B}"
EndProject
Project("{9A19103F-16F7-4668-BE54-9A1E7A4F7556}") = "BragiFont.MonogameDevEnv", "BragiFont.MonogameDevEnv\BragiFont.MonogameDevEnv.csproj", "{D2D72450-A826-4F3E-8DC8-EA52A1F78DAD}"
EndProject
Project("{9A19103F-16F7-4668-BE54-9A1E7A4F7556}") = "BragiFont.FNADevEnv", "BragiFont.FNADevEnv\BragiFont.FNADevEnv.csproj", "{8A7AA859-D8BC-46D7-8CCA-088C7E766F5B}"
EndProject
Project("{9A19103F-16F7-4668-BE54-9A1E7A4F7556}") = "FNA.Core", "FNA\FNA.Core.csproj", "{AFDB2C40-F23C-4139-A21F-46A593C2A87B}"
EndProject
Global
	GlobalSection(SolutionConfigurationPlatforms) = preSolution
		Debug|Any CPU = Debug|Any CPU
		Debug|x64 = Debug|x64
		Debug|x86 = Debug|x86
		Release|Any CPU = Release|Any CPU
		Release|x64 = Release|x64
		Release|x86 = Release|x86
	EndGlobalSection
	GlobalSection(ProjectConfigurationPlatforms) = postSolution
		{F2A21AA1-E180-44F3-8E15-677F5BD484CF}.Debug|Any CPU.ActiveCfg = Debug|Any CPU
		{F2A21AA1-E180-44F3-8E15-677F5BD484CF}.Debug|Any CPU.Build.0 = Debug|Any CPU
		{F2A21AA1-E180-44F3-8E15-677F5BD484CF}.Debug|x64.ActiveCfg = Debug|Any CPU
		{F2A21AA1-E180-44F3-8E15-677F5BD484CF}.Debug|x64.Build.0 = Debug|Any CPU
		{F2A21AA1-E180-44F3-8E15-677F5BD484CF}.Debug|x86.ActiveCfg = Debug|Any CPU
		{F2A21AA1-E180-44F3-8E15-677F5BD484CF}.Debug|x86.Build.0 = Debug|Any CPU
		{F2A21AA1-E180-44F3-8E15-677F5BD484CF}.Release|Any CPU.ActiveCfg = Release|Any CPU
		{F2A21AA1-E180-44F3-8E15-677F5BD484CF}.Release|Any CPU.Build.0 = Release|Any CPU
		{F2A21AA1-E180-44F3-8E15-677F5BD484CF}.Release|x64.ActiveCfg = Release|Any CPU
		{F2A21AA1-E180-44F3-8E15-677F5BD484CF}.Release|x64.Build.0 = Release|Any CPU
		{F2A21AA1-E180-44F3-8E15-677F5BD484CF}.Release|x86.ActiveCfg = Release|Any CPU
		{F2A21AA1-E180-44F3-8E15-677F5BD484CF}.Release|x86.Build.0 = Release|Any CPU
		{B1511795-2A2D-4ED3-B0F1-CFF4F516E4B9}.Debug|Any CPU.ActiveCfg = Debug|Any CPU
		{B1511795-2A2D-4ED3-B0F1-CFF4F516E4B9}.Debug|Any CPU.Build.0 = Debug|Any CPU
		{B1511795-2A2D-4ED3-B0F1-CFF4F516E4B9}.Debug|x64.ActiveCfg = Debug|Any CPU
		{B1511795-2A2D-4ED3-B0F1-CFF4F516E4B9}.Debug|x64.Build.0 = Debug|Any CPU
		{B1511795-2A2D-4ED3-B0F1-CFF4F516E4B9}.Debug|x86.ActiveCfg = Debug|Any CPU
		{B1511795-2A2D-4ED3-B0F1-CFF4F516E4B9}.Debug|x86.Build.0 = Debug|Any CPU
		{B1511795-2A2D-4ED3-B0F1-CFF4F516E4B9}.Release|Any CPU.ActiveCfg = Release|Any CPU
		{B1511795-2A2D-4ED3-B0F1-CFF4F516E4B9}.Release|Any CPU.Build.0 = Release|Any CPU
		{B1511795-2A2D-4ED3-B0F1-CFF4F516E4B9}.Release|x64.ActiveCfg = Release|Any CPU
		{B1511795-2A2D-4ED3-B0F1-CFF4F516E4B9}.Release|x64.Build.0 = Release|Any CPU
		{B1511795-2A2D-4ED3-B0F1-CFF4F516E4B9}.Release|x86.ActiveCfg = Release|Any CPU
		{B1511795-2A2D-4ED3-B0F1-CFF4F516E4B9}.Release|x86.Build.0 = Release|Any CPU
		{43029D6A-9B5E-48A4-8DD6-03CCDE3D9605}.Debug|Any CPU.ActiveCfg = Debug|Any CPU
		{43029D6A-9B5E-48A4-8DD6-03CCDE3D9605}.Debug|Any CPU.Build.0 = Debug|Any CPU
		{43029D6A-9B5E-48A4-8DD6-03CCDE3D9605}.Debug|x64.ActiveCfg = Debug|Any CPU
		{43029D6A-9B5E-48A4-8DD6-03CCDE3D9605}.Debug|x64.Build.0 = Debug|Any CPU
		{43029D6A-9B5E-48A4-8DD6-03CCDE3D9605}.Debug|x86.ActiveCfg = Debug|Any CPU
		{43029D6A-9B5E-48A4-8DD6-03CCDE3D9605}.Debug|x86.Build.0 = Debug|Any CPU
		{43029D6A-9B5E-48A4-8DD6-03CCDE3D9605}.Release|Any CPU.ActiveCfg = Release|Any CPU
		{43029D6A-9B5E-48A4-8DD6-03CCDE3D9605}.Release|Any CPU.Build.0 = Release|Any CPU
		{43029D6A-9B5E-48A4-8DD6-03CCDE3D9605}.Release|x64.ActiveCfg = Release|Any CPU
		{43029D6A-9B5E-48A4-8DD6-03CCDE3D9605}.Release|x64.Build.0 = Release|Any CPU
		{43029D6A-9B5E-48A4-8DD6-03CCDE3D9605}.Release|x86.ActiveCfg = Release|Any CPU
		{43029D6A-9B5E-48A4-8DD6-03CCDE3D9605}.Release|x86.Build.0 = Release|Any CPU
		{9CFC824B-35B5-4833-AD68-E65550852C0B}.Debug|Any CPU.ActiveCfg = Debug|Any CPU
		{9CFC824B-35B5-4833-AD68-E65550852C0B}.Debug|Any CPU.Build.0 = Debug|Any CPU
		{9CFC824B-35B5-4833-AD68-E65550852C0B}.Debug|x64.ActiveCfg = Debug|Any CPU
		{9CFC824B-35B5-4833-AD68-E65550852C0B}.Debug|x64.Build.0 = Debug|Any CPU
		{9CFC824B-35B5-4833-AD68-E65550852C0B}.Debug|x86.ActiveCfg = Debug|Any CPU
		{9CFC824B-35B5-4833-AD68-E65550852C0B}.Debug|x86.Build.0 = Debug|Any CPU
		{9CFC824B-35B5-4833-AD68-E65550852C0B}.Release|Any CPU.ActiveCfg = Release|Any CPU
		{9CFC824B-35B5-4833-AD68-E65550852C0B}.Release|Any CPU.Build.0 = Release|Any CPU
		{9CFC824B-35B5-4833-AD68-E65550852C0B}.Release|x64.ActiveCfg = Release|Any CPU
		{9CFC824B-35B5-4833-AD68-E65550852C0B}.Release|x64.Build.0 = Release|Any CPU
		{9CFC824B-35B5-4833-AD68-E65550852C0B}.Release|x86.ActiveCfg = Release|Any CPU
		{9CFC824B-35B5-4833-AD68-E65550852C0B}.Release|x86.Build.0 = Release|Any CPU
		{D2D72450-A826-4F3E-8DC8-EA52A1F78DAD}.Debug|Any CPU.ActiveCfg = Debug|Any CPU
		{D2D72450-A826-4F3E-8DC8-EA52A1F78DAD}.Debug|Any CPU.Build.0 = Debug|Any CPU
		{D2D72450-A826-4F3E-8DC8-EA52A1F78DAD}.Debug|x64.ActiveCfg = Debug|x64
		{D2D72450-A826-4F3E-8DC8-EA52A1F78DAD}.Debug|x64.Build.0 = Debug|x64
		{D2D72450-A826-4F3E-8DC8-EA52A1F78DAD}.Debug|x86.ActiveCfg = Debug|x86
		{D2D72450-A826-4F3E-8DC8-EA52A1F78DAD}.Debug|x86.Build.0 = Debug|x86
		{D2D72450-A826-4F3E-8DC8-EA52A1F78DAD}.Release|Any CPU.ActiveCfg = Release|Any CPU
		{D2D72450-A826-4F3E-8DC8-EA52A1F78DAD}.Release|Any CPU.Build.0 = Release|Any CPU
		{D2D72450-A826-4F3E-8DC8-EA52A1F78DAD}.Release|x64.ActiveCfg = Release|x64
		{D2D72450-A826-4F3E-8DC8-EA52A1F78DAD}.Release|x64.Build.0 = Release|x64
		{D2D72450-A826-4F3E-8DC8-EA52A1F78DAD}.Release|x86.ActiveCfg = Release|x86
		{D2D72450-A826-4F3E-8DC8-EA52A1F78DAD}.Release|x86.Build.0 = Release|x86
		{8A7AA859-D8BC-46D7-8CCA-088C7E766F5B}.Debug|Any CPU.ActiveCfg = Debug|Any CPU
		{8A7AA859-D8BC-46D7-8CCA-088C7E766F5B}.Debug|Any CPU.Build.0 = Debug|Any CPU
		{8A7AA859-D8BC-46D7-8CCA-088C7E766F5B}.Debug|x64.ActiveCfg = Debug|x64
		{8A7AA859-D8BC-46D7-8CCA-088C7E766F5B}.Debug|x64.Build.0 = Debug|x64
		{8A7AA859-D8BC-46D7-8CCA-088C7E766F5B}.Debug|x86.ActiveCfg = Debug|x86
		{8A7AA859-D8BC-46D7-8CCA-088C7E766F5B}.Debug|x86.Build.0 = Debug|x86
		{8A7AA859-D8BC-46D7-8CCA-088C7E766F5B}.Release|Any CPU.ActiveCfg = Release|Any CPU
		{8A7AA859-D8BC-46D7-8CCA-088C7E766F5B}.Release|Any CPU.Build.0 = Release|Any CPU
		{8A7AA859-D8BC-46D7-8CCA-088C7E766F5B}.Release|x64.ActiveCfg = Release|x64
		{8A7AA859-D8BC-46D7-8CCA-088C7E766F5B}.Release|x64.Build.0 = Release|x64
		{8A7AA859-D8BC-46D7-8CCA-088C7E766F5B}.Release|x86.ActiveCfg = Release|x86
		{8A7AA859-D8BC-46D7-8CCA-088C7E766F5B}.Release|x86.Build.0 = Release|x86
		{AFDB2C40-F23C-4139-A21F-46A593C2A87B}.Debug|Any CPU.ActiveCfg = Debug|x64
		{AFDB2C40-F23C-4139-A21F-46A593C2A87B}.Debug|x64.ActiveCfg = Debug|x64
		{AFDB2C40-F23C-4139-A21F-46A593C2A87B}.Debug|x64.Build.0 = Debug|x64
		{AFDB2C40-F23C-4139-A21F-46A593C2A87B}.Debug|x86.ActiveCfg = Debug|x64
		{AFDB2C40-F23C-4139-A21F-46A593C2A87B}.Release|Any CPU.ActiveCfg = Release|x64
		{AFDB2C40-F23C-4139-A21F-46A593C2A87B}.Release|x64.ActiveCfg = Release|x64
		{AFDB2C40-F23C-4139-A21F-46A593C2A87B}.Release|x64.Build.0 = Release|x64
		{AFDB2C40-F23C-4139-A21F-46A593C2A87B}.Release|x86.ActiveCfg = Release|x64
	EndGlobalSection
	GlobalSection(SolutionProperties) = preSolution
		HideSolutionNode = FALSE
	EndGlobalSection
	GlobalSection(ExtensibilityGlobals) = postSolution
		SolutionGuid = {1D55B5BF-F2FF-4F6A-852F-9D3EAB7B7A9A}
	EndGlobalSection
EndGlobal
